
Microsoft Visual Studio Solution File, Format Version 12.00
# Visual Studio Version 17
VisualStudioVersion = 17.3.32825.248
MinimumVisualStudioVersion = 10.0.40219.1
Project("{FAE04EC0-301F-11D3-BF4B-00C04F79EFBC}") = "player_class_monogame", "player_class_monogame.csproj", "{D6BDAE0E-FBF5-400F-B3A4-211A38DB377D}"
EndProject
Global
	GlobalSection(SolutionConfigurationPlatforms) = preSolution
		Debug|Any CPU = Debug|Any CPU
		Release|Any CPU = Release|Any CPU
	EndGlobalSection
	GlobalSection(ProjectConfigurationPlatforms) = postSolution
		{D6BDAE0E-FBF5-400F-B3A4-211A38DB377D}.Debug|Any CPU.ActiveCfg = Debug|Any CPU
		{D6BDAE0E-FBF5-400F-B3A4-211A38DB377D}.Debug|Any CPU.Build.0 = Debug|Any CPU
		{D6BDAE0E-FBF5-400F-B3A4-211A38DB377D}.Release|Any CPU.ActiveCfg = Release|Any CPU
		{D6BDAE0E-FBF5-400F-B3A4-211A38DB377D}.Release|Any CPU.Build.0 = Release|Any CPU
	EndGlobalSection
	GlobalSection(SolutionProperties) = preSolution
		HideSolutionNode = FALSE
	EndGlobalSection
	GlobalSection(ExtensibilityGlobals) = postSolution
		SolutionGuid = {3397B3DD-9791-42FA-8C55-8039A8A3CD37}
	EndGlobalSection
EndGlobal
